
Microsoft Visual Studio Solution File, Format Version 12.00
# Visual Studio Version 17
VisualStudioVersion = 17.5.002.0
MinimumVisualStudioVersion = 10.0.40219.1
Project("{9A19103F-16F7-4668-BE54-9A1E7A4F7556}") = "Persistence", "Persistence\Persistence.csproj", "{ABF9A761-A40C-48C1-98EB-9D47DF875830}"
EndProject
Project("{9A19103F-16F7-4668-BE54-9A1E7A4F7556}") = "Application", "Application\Application.csproj", "{75333019-6193-4AEB-9945-C488799D621F}"
EndProject
Project("{9A19103F-16F7-4668-BE54-9A1E7A4F7556}") = "WebAPI", "WebAPI\WebAPI.csproj", "{8E0E511C-077D-4834-8663-8DE19EFAD392}"
EndProject
Project("{9A19103F-16F7-4668-BE54-9A1E7A4F7556}") = "Infrastructure", "Infrastructure\Infrastructure.csproj", "{6F99707E-DE74-4FEA-A6CE-DF5B11DFF5BD}"
EndProject
Project("{9A19103F-16F7-4668-BE54-9A1E7A4F7556}") = "Domain", "Domain\Domain.csproj", "{8E2BE15F-B2FF-468C-BD42-94E13C59A8F5}"
EndProject
Global
	GlobalSection(SolutionConfigurationPlatforms) = preSolution
		Debug|Any CPU = Debug|Any CPU
		Release|Any CPU = Release|Any CPU
	EndGlobalSection
	GlobalSection(ProjectConfigurationPlatforms) = postSolution
		{ABF9A761-A40C-48C1-98EB-9D47DF875830}.Debug|Any CPU.ActiveCfg = Debug|Any CPU
		{ABF9A761-A40C-48C1-98EB-9D47DF875830}.Debug|Any CPU.Build.0 = Debug|Any CPU
		{ABF9A761-A40C-48C1-98EB-9D47DF875830}.Release|Any CPU.ActiveCfg = Release|Any CPU
		{ABF9A761-A40C-48C1-98EB-9D47DF875830}.Release|Any CPU.Build.0 = Release|Any CPU
		{75333019-6193-4AEB-9945-C488799D621F}.Debug|Any CPU.ActiveCfg = Debug|Any CPU
		{75333019-6193-4AEB-9945-C488799D621F}.Debug|Any CPU.Build.0 = Debug|Any CPU
		{75333019-6193-4AEB-9945-C488799D621F}.Release|Any CPU.ActiveCfg = Release|Any CPU
		{75333019-6193-4AEB-9945-C488799D621F}.Release|Any CPU.Build.0 = Release|Any CPU
		{8E0E511C-077D-4834-8663-8DE19EFAD392}.Debug|Any CPU.ActiveCfg = Debug|Any CPU
		{8E0E511C-077D-4834-8663-8DE19EFAD392}.Debug|Any CPU.Build.0 = Debug|Any CPU
		{8E0E511C-077D-4834-8663-8DE19EFAD392}.Release|Any CPU.ActiveCfg = Release|Any CPU
		{8E0E511C-077D-4834-8663-8DE19EFAD392}.Release|Any CPU.Build.0 = Release|Any CPU
		{6F99707E-DE74-4FEA-A6CE-DF5B11DFF5BD}.Debug|Any CPU.ActiveCfg = Debug|Any CPU
		{6F99707E-DE74-4FEA-A6CE-DF5B11DFF5BD}.Debug|Any CPU.Build.0 = Debug|Any CPU
		{6F99707E-DE74-4FEA-A6CE-DF5B11DFF5BD}.Release|Any CPU.ActiveCfg = Release|Any CPU
		{6F99707E-DE74-4FEA-A6CE-DF5B11DFF5BD}.Release|Any CPU.Build.0 = Release|Any CPU
		{8E2BE15F-B2FF-468C-BD42-94E13C59A8F5}.Debug|Any CPU.ActiveCfg = Debug|Any CPU
		{8E2BE15F-B2FF-468C-BD42-94E13C59A8F5}.Debug|Any CPU.Build.0 = Debug|Any CPU
		{8E2BE15F-B2FF-468C-BD42-94E13C59A8F5}.Release|Any CPU.ActiveCfg = Release|Any CPU
		{8E2BE15F-B2FF-468C-BD42-94E13C59A8F5}.Release|Any CPU.Build.0 = Release|Any CPU
	EndGlobalSection
	GlobalSection(SolutionProperties) = preSolution
		HideSolutionNode = FALSE
	EndGlobalSection
	GlobalSection(ExtensibilityGlobals) = postSolution
		SolutionGuid = {31907ACE-35BD-40BE-9728-4ACE9082C75B}
	EndGlobalSection
EndGlobal
